// !$*UTF8*$!
{
	archiveVersion = 1;
	classes = {
	};
	objectVersion = 55;
	objects = {

/* Begin PBXBuildFile section */
		0E9167D828BBA5A100A8A501 /* HapticStopwatch WatchKit App.app in Embed Watch Content */ = {isa = PBXBuildFile; fileRef = 0E9167D728BBA5A100A8A501 /* HapticStopwatch WatchKit App.app */; settings = {ATTRIBUTES = (RemoveHeadersOnCopy, ); }; };
		0E9167DD28BBA5A200A8A501 /* Assets.xcassets in Resources */ = {isa = PBXBuildFile; fileRef = 0E9167DC28BBA5A200A8A501 /* Assets.xcassets */; };
		0E9167E328BBA5A300A8A501 /* HapticStopwatch WatchKit Extension.appex in Embed App Extensions */ = {isa = PBXBuildFile; fileRef = 0E9167E228BBA5A300A8A501 /* HapticStopwatch WatchKit Extension.appex */; settings = {ATTRIBUTES = (RemoveHeadersOnCopy, ); }; };
		0E9167E828BBA5A300A8A501 /* ContentView.swift in Sources */ = {isa = PBXBuildFile; fileRef = 0E9167E728BBA5A300A8A501 /* ContentView.swift */; };
		0E9167EA28BBA5A300A8A501 /* HapticStopwatchApp.swift in Sources */ = {isa = PBXBuildFile; fileRef = 0E9167E928BBA5A300A8A501 /* HapticStopwatchApp.swift */; };
		0E9167EC28BBA5A300A8A501 /* ComplicationController.swift in Sources */ = {isa = PBXBuildFile; fileRef = 0E9167EB28BBA5A300A8A501 /* ComplicationController.swift */; };
		0E9167EE28BBA5A400A8A501 /* Assets.xcassets in Resources */ = {isa = PBXBuildFile; fileRef = 0E9167ED28BBA5A400A8A501 /* Assets.xcassets */; };
		0E9167F128BBA5A400A8A501 /* Preview Assets.xcassets in Resources */ = {isa = PBXBuildFile; fileRef = 0E9167F028BBA5A400A8A501 /* Preview Assets.xcassets */; };
/* End PBXBuildFile section */

/* Begin PBXContainerItemProxy section */
		0E9167D928BBA5A100A8A501 /* PBXContainerItemProxy */ = {
			isa = PBXContainerItemProxy;
			containerPortal = 0E9167CD28BBA5A100A8A501 /* Project object */;
			proxyType = 1;
			remoteGlobalIDString = 0E9167D628BBA5A100A8A501;
			remoteInfo = "HapticStopwatch WatchKit App";
		};
		0E9167E428BBA5A300A8A501 /* PBXContainerItemProxy */ = {
			isa = PBXContainerItemProxy;
			containerPortal = 0E9167CD28BBA5A100A8A501 /* Project object */;
			proxyType = 1;
			remoteGlobalIDString = 0E9167E128BBA5A300A8A501;
			remoteInfo = "HapticStopwatch WatchKit Extension";
		};
/* End PBXContainerItemProxy section */

/* Begin PBXCopyFilesBuildPhase section */
		0E9167F828BBA5A400A8A501 /* Embed App Extensions */ = {
			isa = PBXCopyFilesBuildPhase;
			buildActionMask = 12;
			dstPath = "";
			dstSubfolderSpec = 13;
			files = (
				0E9167E328BBA5A300A8A501 /* HapticStopwatch WatchKit Extension.appex in Embed App Extensions */,
			);
			name = "Embed App Extensions";
			runOnlyForDeploymentPostprocessing = 0;
		};
		0E9167FC28BBA5A400A8A501 /* Embed Watch Content */ = {
			isa = PBXCopyFilesBuildPhase;
			buildActionMask = 12;
			dstPath = "$(CONTENTS_FOLDER_PATH)/Watch";
			dstSubfolderSpec = 16;
			files = (
				0E9167D828BBA5A100A8A501 /* HapticStopwatch WatchKit App.app in Embed Watch Content */,
			);
			name = "Embed Watch Content";
			runOnlyForDeploymentPostprocessing = 0;
		};
/* End PBXCopyFilesBuildPhase section */

/* Begin PBXFileReference section */
		0E9167D328BBA5A100A8A501 /* HapticStopwatch.app */ = {isa = PBXFileReference; explicitFileType = wrapper.application; includeInIndex = 0; path = HapticStopwatch.app; sourceTree = BUILT_PRODUCTS_DIR; };
		0E9167D728BBA5A100A8A501 /* HapticStopwatch WatchKit App.app */ = {isa = PBXFileReference; explicitFileType = wrapper.application; includeInIndex = 0; path = "HapticStopwatch WatchKit App.app"; sourceTree = BUILT_PRODUCTS_DIR; };
		0E9167DC28BBA5A200A8A501 /* Assets.xcassets */ = {isa = PBXFileReference; lastKnownFileType = folder.assetcatalog; path = Assets.xcassets; sourceTree = "<group>"; };
		0E9167E228BBA5A300A8A501 /* HapticStopwatch WatchKit Extension.appex */ = {isa = PBXFileReference; explicitFileType = "wrapper.app-extension"; includeInIndex = 0; path = "HapticStopwatch WatchKit Extension.appex"; sourceTree = BUILT_PRODUCTS_DIR; };
		0E9167E728BBA5A300A8A501 /* ContentView.swift */ = {isa = PBXFileReference; lastKnownFileType = sourcecode.swift; path = ContentView.swift; sourceTree = "<group>"; };
		0E9167E928BBA5A300A8A501 /* HapticStopwatchApp.swift */ = {isa = PBXFileReference; lastKnownFileType = sourcecode.swift; path = HapticStopwatchApp.swift; sourceTree = "<group>"; };
		0E9167EB28BBA5A300A8A501 /* ComplicationController.swift */ = {isa = PBXFileReference; lastKnownFileType = sourcecode.swift; path = ComplicationController.swift; sourceTree = "<group>"; };
		0E9167ED28BBA5A400A8A501 /* Assets.xcassets */ = {isa = PBXFileReference; lastKnownFileType = folder.assetcatalog; path = Assets.xcassets; sourceTree = "<group>"; };
		0E9167F028BBA5A400A8A501 /* Preview Assets.xcassets */ = {isa = PBXFileReference; lastKnownFileType = folder.assetcatalog; path = "Preview Assets.xcassets"; sourceTree = "<group>"; };
		0E9167F228BBA5A400A8A501 /* Info.plist */ = {isa = PBXFileReference; lastKnownFileType = text.plist.xml; path = Info.plist; sourceTree = "<group>"; };
/* End PBXFileReference section */

/* Begin PBXFrameworksBuildPhase section */
		0E9167DF28BBA5A300A8A501 /* Frameworks */ = {
			isa = PBXFrameworksBuildPhase;
			buildActionMask = 2147483647;
			files = (
			);
			runOnlyForDeploymentPostprocessing = 0;
		};
/* End PBXFrameworksBuildPhase section */

/* Begin PBXGroup section */
		0E9167CC28BBA5A100A8A501 = {
			isa = PBXGroup;
			children = (
				0E9167DB28BBA5A100A8A501 /* HapticStopwatch WatchKit App */,
				0E9167E628BBA5A300A8A501 /* HapticStopwatch WatchKit Extension */,
				0E9167D428BBA5A100A8A501 /* Products */,
			);
			sourceTree = "<group>";
		};
		0E9167D428BBA5A100A8A501 /* Products */ = {
			isa = PBXGroup;
			children = (
				0E9167D328BBA5A100A8A501 /* HapticStopwatch.app */,
				0E9167D728BBA5A100A8A501 /* HapticStopwatch WatchKit App.app */,
				0E9167E228BBA5A300A8A501 /* HapticStopwatch WatchKit Extension.appex */,
			);
			name = Products;
			sourceTree = "<group>";
		};
		0E9167DB28BBA5A100A8A501 /* HapticStopwatch WatchKit App */ = {
			isa = PBXGroup;
			children = (
				0E9167DC28BBA5A200A8A501 /* Assets.xcassets */,
			);
			path = "HapticStopwatch WatchKit App";
			sourceTree = "<group>";
		};
		0E9167E628BBA5A300A8A501 /* HapticStopwatch WatchKit Extension */ = {
			isa = PBXGroup;
			children = (
				0E9167E728BBA5A300A8A501 /* ContentView.swift */,
				0E9167E928BBA5A300A8A501 /* HapticStopwatchApp.swift */,
				0E9167EB28BBA5A300A8A501 /* ComplicationController.swift */,
				0E9167ED28BBA5A400A8A501 /* Assets.xcassets */,
				0E9167F228BBA5A400A8A501 /* Info.plist */,
				0E9167EF28BBA5A400A8A501 /* Preview Content */,
			);
			path = "HapticStopwatch WatchKit Extension";
			sourceTree = "<group>";
		};
		0E9167EF28BBA5A400A8A501 /* Preview Content */ = {
			isa = PBXGroup;
			children = (
				0E9167F028BBA5A400A8A501 /* Preview Assets.xcassets */,
			);
			path = "Preview Content";
			sourceTree = "<group>";
		};
/* End PBXGroup section */

/* Begin PBXNativeTarget section */
		0E9167D228BBA5A100A8A501 /* HapticStopwatch */ = {
			isa = PBXNativeTarget;
			buildConfigurationList = 0E9167FD28BBA5A400A8A501 /* Build configuration list for PBXNativeTarget "HapticStopwatch" */;
			buildPhases = (
				0E9167D128BBA5A100A8A501 /* Resources */,
				0E9167FC28BBA5A400A8A501 /* Embed Watch Content */,
			);
			buildRules = (
			);
			dependencies = (
				0E9167DA28BBA5A100A8A501 /* PBXTargetDependency */,
			);
			name = HapticStopwatch;
			productName = HapticStopwatch;
			productReference = 0E9167D328BBA5A100A8A501 /* HapticStopwatch.app */;
			productType = "com.apple.product-type.application.watchapp2-container";
		};
		0E9167D628BBA5A100A8A501 /* HapticStopwatch WatchKit App */ = {
			isa = PBXNativeTarget;
			buildConfigurationList = 0E9167F928BBA5A400A8A501 /* Build configuration list for PBXNativeTarget "HapticStopwatch WatchKit App" */;
			buildPhases = (
				0E9167D528BBA5A100A8A501 /* Resources */,
				0E9167F828BBA5A400A8A501 /* Embed App Extensions */,
			);
			buildRules = (
			);
			dependencies = (
				0E9167E528BBA5A300A8A501 /* PBXTargetDependency */,
			);
			name = "HapticStopwatch WatchKit App";
			productName = "HapticStopwatch WatchKit App";
			productReference = 0E9167D728BBA5A100A8A501 /* HapticStopwatch WatchKit App.app */;
			productType = "com.apple.product-type.application.watchapp2";
		};
		0E9167E128BBA5A300A8A501 /* HapticStopwatch WatchKit Extension */ = {
			isa = PBXNativeTarget;
			buildConfigurationList = 0E9167F528BBA5A400A8A501 /* Build configuration list for PBXNativeTarget "HapticStopwatch WatchKit Extension" */;
			buildPhases = (
				0E9167DE28BBA5A300A8A501 /* Sources */,
				0E9167DF28BBA5A300A8A501 /* Frameworks */,
				0E9167E028BBA5A300A8A501 /* Resources */,
			);
			buildRules = (
			);
			dependencies = (
			);
			name = "HapticStopwatch WatchKit Extension";
			productName = "HapticStopwatch WatchKit Extension";
			productReference = 0E9167E228BBA5A300A8A501 /* HapticStopwatch WatchKit Extension.appex */;
			productType = "com.apple.product-type.watchkit2-extension";
		};
/* End PBXNativeTarget section */

/* Begin PBXProject section */
		0E9167CD28BBA5A100A8A501 /* Project object */ = {
			isa = PBXProject;
			attributes = {
				BuildIndependentTargetsInParallel = 1;
				LastSwiftUpdateCheck = 1340;
				LastUpgradeCheck = 1340;
				TargetAttributes = {
					0E9167D228BBA5A100A8A501 = {
						CreatedOnToolsVersion = 13.4.1;
					};
					0E9167D628BBA5A100A8A501 = {
						CreatedOnToolsVersion = 13.4.1;
					};
					0E9167E128BBA5A300A8A501 = {
						CreatedOnToolsVersion = 13.4.1;
					};
				};
			};
			buildConfigurationList = 0E9167D028BBA5A100A8A501 /* Build configuration list for PBXProject "HapticStopwatch" */;
			compatibilityVersion = "Xcode 13.0";
			developmentRegion = en;
			hasScannedForEncodings = 0;
			knownRegions = (
				en,
				Base,
			);
			mainGroup = 0E9167CC28BBA5A100A8A501;
			productRefGroup = 0E9167D428BBA5A100A8A501 /* Products */;
			projectDirPath = "";
			projectRoot = "";
			targets = (
				0E9167D228BBA5A100A8A501 /* HapticStopwatch */,
				0E9167D628BBA5A100A8A501 /* HapticStopwatch WatchKit App */,
				0E9167E128BBA5A300A8A501 /* HapticStopwatch WatchKit Extension */,
			);
		};
/* End PBXProject section */

/* Begin PBXResourcesBuildPhase section */
		0E9167D128BBA5A100A8A501 /* Resources */ = {
			isa = PBXResourcesBuildPhase;
			buildActionMask = 2147483647;
			files = (
			);
			runOnlyForDeploymentPostprocessing = 0;
		};
		0E9167D528BBA5A100A8A501 /* Resources */ = {
			isa = PBXResourcesBuildPhase;
			buildActionMask = 2147483647;
			files = (
				0E9167DD28BBA5A200A8A501 /* Assets.xcassets in Resources */,
			);
			runOnlyForDeploymentPostprocessing = 0;
		};
		0E9167E028BBA5A300A8A501 /* Resources */ = {
			isa = PBXResourcesBuildPhase;
			buildActionMask = 2147483647;
			files = (
				0E9167F128BBA5A400A8A501 /* Preview Assets.xcassets in Resources */,
				0E9167EE28BBA5A400A8A501 /* Assets.xcassets in Resources */,
			);
			runOnlyForDeploymentPostprocessing = 0;
		};
/* End PBXResourcesBuildPhase section */

/* Begin PBXSourcesBuildPhase section */
		0E9167DE28BBA5A300A8A501 /* Sources */ = {
			isa = PBXSourcesBuildPhase;
			buildActionMask = 2147483647;
			files = (
				0E9167EA28BBA5A300A8A501 /* HapticStopwatchApp.swift in Sources */,
				0E9167E828BBA5A300A8A501 /* ContentView.swift in Sources */,
				0E9167EC28BBA5A300A8A501 /* ComplicationController.swift in Sources */,
			);
			runOnlyForDeploymentPostprocessing = 0;
		};
/* End PBXSourcesBuildPhase section */

/* Begin PBXTargetDependency section */
		0E9167DA28BBA5A100A8A501 /* PBXTargetDependency */ = {
			isa = PBXTargetDependency;
			target = 0E9167D628BBA5A100A8A501 /* HapticStopwatch WatchKit App */;
			targetProxy = 0E9167D928BBA5A100A8A501 /* PBXContainerItemProxy */;
		};
		0E9167E528BBA5A300A8A501 /* PBXTargetDependency */ = {
			isa = PBXTargetDependency;
			target = 0E9167E128BBA5A300A8A501 /* HapticStopwatch WatchKit Extension */;
			targetProxy = 0E9167E428BBA5A300A8A501 /* PBXContainerItemProxy */;
		};
/* End PBXTargetDependency section */

/* Begin XCBuildConfiguration section */
		0E9167F328BBA5A400A8A501 /* Debug */ = {
			isa = XCBuildConfiguration;
			buildSettings = {
				ALWAYS_SEARCH_USER_PATHS = NO;
				CLANG_ANALYZER_NONNULL = YES;
				CLANG_ANALYZER_NUMBER_OBJECT_CONVERSION = YES_AGGRESSIVE;
				CLANG_CXX_LANGUAGE_STANDARD = "gnu++17";
				CLANG_ENABLE_MODULES = YES;
				CLANG_ENABLE_OBJC_ARC = YES;
				CLANG_ENABLE_OBJC_WEAK = YES;
				CLANG_WARN_BLOCK_CAPTURE_AUTORELEASING = YES;
				CLANG_WARN_BOOL_CONVERSION = YES;
				CLANG_WARN_COMMA = YES;
				CLANG_WARN_CONSTANT_CONVERSION = YES;
				CLANG_WARN_DEPRECATED_OBJC_IMPLEMENTATIONS = YES;
				CLANG_WARN_DIRECT_OBJC_ISA_USAGE = YES_ERROR;
				CLANG_WARN_DOCUMENTATION_COMMENTS = YES;
				CLANG_WARN_EMPTY_BODY = YES;
				CLANG_WARN_ENUM_CONVERSION = YES;
				CLANG_WARN_INFINITE_RECURSION = YES;
				CLANG_WARN_INT_CONVERSION = YES;
				CLANG_WARN_NON_LITERAL_NULL_CONVERSION = YES;
				CLANG_WARN_OBJC_IMPLICIT_RETAIN_SELF = YES;
				CLANG_WARN_OBJC_LITERAL_CONVERSION = YES;
				CLANG_WARN_OBJC_ROOT_CLASS = YES_ERROR;
				CLANG_WARN_QUOTED_INCLUDE_IN_FRAMEWORK_HEADER = YES;
				CLANG_WARN_RANGE_LOOP_ANALYSIS = YES;
				CLANG_WARN_STRICT_PROTOTYPES = YES;
				CLANG_WARN_SUSPICIOUS_MOVE = YES;
				CLANG_WARN_UNGUARDED_AVAILABILITY = YES_AGGRESSIVE;
				CLANG_WARN_UNREACHABLE_CODE = YES;
				CLANG_WARN__DUPLICATE_METHOD_MATCH = YES;
				COPY_PHASE_STRIP = NO;
				DEBUG_INFORMATION_FORMAT = dwarf;
				ENABLE_STRICT_OBJC_MSGSEND = YES;
				ENABLE_TESTABILITY = YES;
				GCC_C_LANGUAGE_STANDARD = gnu11;
				GCC_DYNAMIC_NO_PIC = NO;
				GCC_NO_COMMON_BLOCKS = YES;
				GCC_OPTIMIZATION_LEVEL = 0;
				GCC_PREPROCESSOR_DEFINITIONS = (
					"DEBUG=1",
					"$(inherited)",
				);
				GCC_WARN_64_TO_32_BIT_CONVERSION = YES;
				GCC_WARN_ABOUT_RETURN_TYPE = YES_ERROR;
				GCC_WARN_UNDECLARED_SELECTOR = YES;
				GCC_WARN_UNINITIALIZED_AUTOS = YES_AGGRESSIVE;
				GCC_WARN_UNUSED_FUNCTION = YES;
				GCC_WARN_UNUSED_VARIABLE = YES;
				MTL_ENABLE_DEBUG_INFO = INCLUDE_SOURCE;
				MTL_FAST_MATH = YES;
				ONLY_ACTIVE_ARCH = YES;
				SDKROOT = iphoneos;
				SWIFT_ACTIVE_COMPILATION_CONDITIONS = DEBUG;
				SWIFT_OPTIMIZATION_LEVEL = "-Onone";
			};
			name = Debug;
		};
		0E9167F428BBA5A400A8A501 /* Release */ = {
			isa = XCBuildConfiguration;
			buildSettings = {
				ALWAYS_SEARCH_USER_PATHS = NO;
				CLANG_ANALYZER_NONNULL = YES;
				CLANG_ANALYZER_NUMBER_OBJECT_CONVERSION = YES_AGGRESSIVE;
				CLANG_CXX_LANGUAGE_STANDARD = "gnu++17";
				CLANG_ENABLE_MODULES = YES;
				CLANG_ENABLE_OBJC_ARC = YES;
				CLANG_ENABLE_OBJC_WEAK = YES;
				CLANG_WARN_BLOCK_CAPTURE_AUTORELEASING = YES;
				CLANG_WARN_BOOL_CONVERSION = YES;
				CLANG_WARN_COMMA = YES;
				CLANG_WARN_CONSTANT_CONVERSION = YES;
				CLANG_WARN_DEPRECATED_OBJC_IMPLEMENTATIONS = YES;
				CLANG_WARN_DIRECT_OBJC_ISA_USAGE = YES_ERROR;
				CLANG_WARN_DOCUMENTATION_COMMENTS = YES;
				CLANG_WARN_EMPTY_BODY = YES;
				CLANG_WARN_ENUM_CONVERSION = YES;
				CLANG_WARN_INFINITE_RECURSION = YES;
				CLANG_WARN_INT_CONVERSION = YES;
				CLANG_WARN_NON_LITERAL_NULL_CONVERSION = YES;
				CLANG_WARN_OBJC_IMPLICIT_RETAIN_SELF = YES;
				CLANG_WARN_OBJC_LITERAL_CONVERSION = YES;
				CLANG_WARN_OBJC_ROOT_CLASS = YES_ERROR;
				CLANG_WARN_QUOTED_INCLUDE_IN_FRAMEWORK_HEADER = YES;
				CLANG_WARN_RANGE_LOOP_ANALYSIS = YES;
				CLANG_WARN_STRICT_PROTOTYPES = YES;
				CLANG_WARN_SUSPICIOUS_MOVE = YES;
				CLANG_WARN_UNGUARDED_AVAILABILITY = YES_AGGRESSIVE;
				CLANG_WARN_UNREACHABLE_CODE = YES;
				CLANG_WARN__DUPLICATE_METHOD_MATCH = YES;
				COPY_PHASE_STRIP = NO;
				DEBUG_INFORMATION_FORMAT = "dwarf-with-dsym";
				ENABLE_NS_ASSERTIONS = NO;
				ENABLE_STRICT_OBJC_MSGSEND = YES;
				GCC_C_LANGUAGE_STANDARD = gnu11;
				GCC_NO_COMMON_BLOCKS = YES;
				GCC_WARN_64_TO_32_BIT_CONVERSION = YES;
				GCC_WARN_ABOUT_RETURN_TYPE = YES_ERROR;
				GCC_WARN_UNDECLARED_SELECTOR = YES;
				GCC_WARN_UNINITIALIZED_AUTOS = YES_AGGRESSIVE;
				GCC_WARN_UNUSED_FUNCTION = YES;
				GCC_WARN_UNUSED_VARIABLE = YES;
				MTL_ENABLE_DEBUG_INFO = NO;
				MTL_FAST_MATH = YES;
				SDKROOT = iphoneos;
				SWIFT_COMPILATION_MODE = wholemodule;
				SWIFT_OPTIMIZATION_LEVEL = "-O";
				VALIDATE_PRODUCT = YES;
			};
			name = Release;
		};
		0E9167F628BBA5A400A8A501 /* Debug */ = {
			isa = XCBuildConfiguration;
			buildSettings = {
				ASSETCATALOG_COMPILER_COMPLICATION_NAME = Complication;
				CODE_SIGN_STYLE = Automatic;
				CURRENT_PROJECT_VERSION = 1;
				DEVELOPMENT_ASSET_PATHS = "\"HapticStopwatch WatchKit Extension/Preview Content\"";
				DEVELOPMENT_TEAM = KGYNYB9CW4;
				ENABLE_PREVIEWS = YES;
				GENERATE_INFOPLIST_FILE = YES;
				INFOPLIST_FILE = "HapticStopwatch WatchKit Extension/Info.plist";
				INFOPLIST_KEY_CFBundleDisplayName = "HapticStopwatch WatchKit Extension";
				INFOPLIST_KEY_CLKComplicationPrincipalClass = HapticStopwatch_WatchKit_Extension.ComplicationController;
				INFOPLIST_KEY_NSHumanReadableCopyright = "";
				INFOPLIST_KEY_WKWatchOnly = YES;
				LD_RUNPATH_SEARCH_PATHS = (
					"$(inherited)",
					"@executable_path/Frameworks",
					"@executable_path/../../Frameworks",
				);
				MARKETING_VERSION = 1.0;
				PRODUCT_BUNDLE_IDENTIFIER = com.jbmh.HapticStopwatch.watchkit.extension;
				PRODUCT_NAME = "${TARGET_NAME}";
				SDKROOT = watchos;
				SKIP_INSTALL = YES;
				SWIFT_EMIT_LOC_STRINGS = YES;
				SWIFT_VERSION = 5.0;
				TARGETED_DEVICE_FAMILY = 4;
				WATCHOS_DEPLOYMENT_TARGET = 8.5;
			};
			name = Debug;
		};
		0E9167F728BBA5A400A8A501 /* Release */ = {
			isa = XCBuildConfiguration;
			buildSettings = {
				ASSETCATALOG_COMPILER_COMPLICATION_NAME = Complication;
				CODE_SIGN_STYLE = Automatic;
				CURRENT_PROJECT_VERSION = 1;
				DEVELOPMENT_ASSET_PATHS = "\"HapticStopwatch WatchKit Extension/Preview Content\"";
				DEVELOPMENT_TEAM = KGYNYB9CW4;
				ENABLE_PREVIEWS = YES;
				GENERATE_INFOPLIST_FILE = YES;
				INFOPLIST_FILE = "HapticStopwatch WatchKit Extension/Info.plist";
				INFOPLIST_KEY_CFBundleDisplayName = "HapticStopwatch WatchKit Extension";
				INFOPLIST_KEY_CLKComplicationPrincipalClass = HapticStopwatch_WatchKit_Extension.ComplicationController;
				INFOPLIST_KEY_NSHumanReadableCopyright = "";
				INFOPLIST_KEY_WKWatchOnly = YES;
				LD_RUNPATH_SEARCH_PATHS = (
					"$(inherited)",
					"@executable_path/Frameworks",
					"@executable_path/../../Frameworks",
				);
				MARKETING_VERSION = 1.0;
				PRODUCT_BUNDLE_IDENTIFIER = com.jbmh.HapticStopwatch.watchkit.extension;
				PRODUCT_NAME = "${TARGET_NAME}";
				SDKROOT = watchos;
				SKIP_INSTALL = YES;
				SWIFT_EMIT_LOC_STRINGS = YES;
				SWIFT_VERSION = 5.0;
				TARGETED_DEVICE_FAMILY = 4;
				WATCHOS_DEPLOYMENT_TARGET = 8.5;
			};
			name = Release;
		};
		0E9167FA28BBA5A400A8A501 /* Debug */ = {
			isa = XCBuildConfiguration;
			buildSettings = {
				ALWAYS_EMBED_SWIFT_STANDARD_LIBRARIES = YES;
				ASSETCATALOG_COMPILER_APPICON_NAME = AppIcon;
				ASSETCATALOG_COMPILER_GLOBAL_ACCENT_COLOR_NAME = AccentColor;
				CODE_SIGN_STYLE = Automatic;
				CURRENT_PROJECT_VERSION = 1;
				DEVELOPMENT_TEAM = KGYNYB9CW4;
				GENERATE_INFOPLIST_FILE = YES;
				IBSC_MODULE = HapticStopwatch_WatchKit_Extension;
				INFOPLIST_KEY_CFBundleDisplayName = "HapticStopwatch WatchKit App";
				INFOPLIST_KEY_UISupportedInterfaceOrientations = "UIInterfaceOrientationPortrait UIInterfaceOrientationPortraitUpsideDown";
				MARKETING_VERSION = 1.0;
				PRODUCT_BUNDLE_IDENTIFIER = com.jbmh.HapticStopwatch.watchkit;
				PRODUCT_NAME = "$(TARGET_NAME)";
				SDKROOT = watchos;
				SKIP_INSTALL = YES;
				SWIFT_EMIT_LOC_STRINGS = YES;
				SWIFT_VERSION = 5.0;
				TARGETED_DEVICE_FAMILY = 4;
				WATCHOS_DEPLOYMENT_TARGET = 8.5;
			};
			name = Debug;
		};
		0E9167FB28BBA5A400A8A501 /* Release */ = {
			isa = XCBuildConfiguration;
			buildSettings = {
				ALWAYS_EMBED_SWIFT_STANDARD_LIBRARIES = YES;
				ASSETCATALOG_COMPILER_APPICON_NAME = AppIcon;
				ASSETCATALOG_COMPILER_GLOBAL_ACCENT_COLOR_NAME = AccentColor;
				CODE_SIGN_STYLE = Automatic;
				CURRENT_PROJECT_VERSION = 1;
				DEVELOPMENT_TEAM = KGYNYB9CW4;
				GENERATE_INFOPLIST_FILE = YES;
				IBSC_MODULE = HapticStopwatch_WatchKit_Extension;
				INFOPLIST_KEY_CFBundleDisplayName = "HapticStopwatch WatchKit App";
				INFOPLIST_KEY_UISupportedInterfaceOrientations = "UIInterfaceOrientationPortrait UIInterfaceOrientationPortraitUpsideDown";
				MARKETING_VERSION = 1.0;
				PRODUCT_BUNDLE_IDENTIFIER = com.jbmh.HapticStopwatch.watchkit;
				PRODUCT_NAME = "$(TARGET_NAME)";
				SDKROOT = watchos;
				SKIP_INSTALL = YES;
				SWIFT_EMIT_LOC_STRINGS = YES;
				SWIFT_VERSION = 5.0;
				TARGETED_DEVICE_FAMILY = 4;
				WATCHOS_DEPLOYMENT_TARGET = 8.5;
			};
			name = Release;
		};
		0E9167FE28BBA5A400A8A501 /* Debug */ = {
			isa = XCBuildConfiguration;
			buildSettings = {
				CODE_SIGN_STYLE = Automatic;
				CURRENT_PROJECT_VERSION = 1;
				DEVELOPMENT_TEAM = KGYNYB9CW4;
				MARKETING_VERSION = 1.0;
				PRODUCT_BUNDLE_IDENTIFIER = com.jbmh.HapticStopwatch;
				PRODUCT_NAME = "$(TARGET_NAME)";
				SWIFT_VERSION = 5.0;
			};
			name = Debug;
		};
		0E9167FF28BBA5A400A8A501 /* Release */ = {
			isa = XCBuildConfiguration;
			buildSettings = {
				CODE_SIGN_STYLE = Automatic;
				CURRENT_PROJECT_VERSION = 1;
				DEVELOPMENT_TEAM = KGYNYB9CW4;
				MARKETING_VERSION = 1.0;
				PRODUCT_BUNDLE_IDENTIFIER = com.jbmh.HapticStopwatch;
				PRODUCT_NAME = "$(TARGET_NAME)";
				SWIFT_VERSION = 5.0;
			};
			name = Release;
		};
/* End XCBuildConfiguration section */

/* Begin XCConfigurationList section */
		0E9167D028BBA5A100A8A501 /* Build configuration list for PBXProject "HapticStopwatch" */ = {
			isa = XCConfigurationList;
			buildConfigurations = (
				0E9167F328BBA5A400A8A501 /* Debug */,
				0E9167F428BBA5A400A8A501 /* Release */,
			);
			defaultConfigurationIsVisible = 0;
			defaultConfigurationName = Release;
		};
		0E9167F528BBA5A400A8A501 /* Build configuration list for PBXNativeTarget "HapticStopwatch WatchKit Extension" */ = {
			isa = XCConfigurationList;
			buildConfigurations = (
				0E9167F628BBA5A400A8A501 /* Debug */,
				0E9167F728BBA5A400A8A501 /* Release */,
			);
			defaultConfigurationIsVisible = 0;
			defaultConfigurationName = Release;
		};
		0E9167F928BBA5A400A8A501 /* Build configuration list for PBXNativeTarget "HapticStopwatch WatchKit App" */ = {
			isa = XCConfigurationList;
			buildConfigurations = (
				0E9167FA28BBA5A400A8A501 /* Debug */,
				0E9167FB28BBA5A400A8A501 /* Release */,
			);
			defaultConfigurationIsVisible = 0;
			defaultConfigurationName = Release;
		};
		0E9167FD28BBA5A400A8A501 /* Build configuration list for PBXNativeTarget "HapticStopwatch" */ = {
			isa = XCConfigurationList;
			buildConfigurations = (
				0E9167FE28BBA5A400A8A501 /* Debug */,
				0E9167FF28BBA5A400A8A501 /* Release */,
			);
			defaultConfigurationIsVisible = 0;
			defaultConfigurationName = Release;
		};
/* End XCConfigurationList section */
	};
	rootObject = 0E9167CD28BBA5A100A8A501 /* Project object */;
}
